{
  "name": "kromosynth-render",
  "lockfileVersion": 2,
  "requires": true,
  "packages": {
    "": {
      "dependencies": {
        "@bufbuild/buf": "^1.25.0",
        "@bufbuild/protobuf": "^1.3.0",
        "@bufbuild/protoc-gen-es": "^1.3.0",
        "@protobuf-ts/plugin": "^2.9.1",
        "@protobuf-ts/runtime": "^2.9.1"
      }
    },
    "node_modules/@bufbuild/buf": {
      "version": "1.25.0",
      "resolved": "https://registry.npmjs.org/@bufbuild/buf/-/buf-1.25.0.tgz",
      "integrity": "sha512-eBlzzVNBSw2cjKtkKZPu7RZK2YLUoB9tVRe+Pf4QVxF0IQtO5zPDdtWCF7/IUjd0V+dOJC25nLSeE5+YeZDqKg==",
      "hasInstallScript": true,
      "bin": {
        "buf": "bin/buf",
        "protoc-gen-buf-breaking": "bin/protoc-gen-buf-breaking",
        "protoc-gen-buf-lint": "bin/protoc-gen-buf-lint"
      },
      "engines": {
        "node": ">=12"
      },
      "optionalDependencies": {
        "@bufbuild/buf-darwin-arm64": "1.25.0",
        "@bufbuild/buf-darwin-x64": "1.25.0",
        "@bufbuild/buf-linux-aarch64": "1.25.0",
        "@bufbuild/buf-linux-x64": "1.25.0",
        "@bufbuild/buf-win32-arm64": "1.25.0",
        "@bufbuild/buf-win32-x64": "1.25.0"
      }
    },
    "node_modules/@bufbuild/buf-darwin-arm64": {
      "version": "1.25.0",
      "resolved": "https://registry.npmjs.org/@bufbuild/buf-darwin-arm64/-/buf-darwin-arm64-1.25.0.tgz",
      "integrity": "sha512-X6rf6s/y9VBHfdhhURNBwyDNFYNecOE4GOvzQcwZVYmGteA4Xor8c51ouTPd5wU2lAq/qLwYX2hZAY41uvbMrA==",
      "cpu": [
        "arm64"
      ],
      "optional": true,
      "os": [
        "darwin"
      ],
      "engines": {
        "node": ">=12"
      }
    },
    "node_modules/@bufbuild/buf-darwin-x64": {
      "version": "1.25.0",
      "resolved": "https://registry.npmjs.org/@bufbuild/buf-darwin-x64/-/buf-darwin-x64-1.25.0.tgz",
      "integrity": "sha512-H7L8DdPwZsP5WSiOJCScY/E5CT7b0zv49l4WYrbbyg0FDJBMHg8Yn8lEK0Ju/mvlXaAqDZk4pwiwVuCPtt4oBw==",
      "cpu": [
        "x64"
      ],
      "optional": true,
      "os": [
        "darwin"
      ],
      "engines": {
        "node": ">=12"
      }
    },
    "node_modules/@bufbuild/buf-linux-aarch64": {
      "version": "1.25.0",
      "resolved": "https://registry.npmjs.org/@bufbuild/buf-linux-aarch64/-/buf-linux-aarch64-1.25.0.tgz",
      "integrity": "sha512-bL0dlBmmJ/AmCtIQXiqJLXIPwHM65O3TT85wFQvurexlwnLs6ajM+zJ2e+Xbj2ccXQ+TI8UKLlVgySHPp7EP0A==",
      "cpu": [
        "arm64"
      ],
      "optional": true,
      "os": [
        "linux"
      ],
      "engines": {
        "node": ">=12"
      }
    },
    "node_modules/@bufbuild/buf-linux-x64": {
      "version": "1.25.0",
      "resolved": "https://registry.npmjs.org/@bufbuild/buf-linux-x64/-/buf-linux-x64-1.25.0.tgz",
      "integrity": "sha512-PuxDpPqArjfeZ8LPAru0f/u7nZlE+IIXIjJM6IsnnTqAoBS5A4z9ALUog23BfuU2jJNuPerKPaMs92GAmiSaBQ==",
      "cpu": [
        "x64"
      ],
      "optional": true,
      "os": [
        "linux"
      ],
      "engines": {
        "node": ">=12"
      }
    },
    "node_modules/@bufbuild/buf-win32-arm64": {
      "version": "1.25.0",
      "resolved": "https://registry.npmjs.org/@bufbuild/buf-win32-arm64/-/buf-win32-arm64-1.25.0.tgz",
      "integrity": "sha512-Uw2Bn2pJfPKdh+J6ocqNKMZiYl07eZWYNbAIzl1vXAl1bH7SvgiEA+ujgOM56I+GmNfVSRWNukrxj5ppPvdTQQ==",
      "cpu": [
        "arm64"
      ],
      "optional": true,
      "os": [
        "win32"
      ],
      "engines": {
        "node": ">=12"
      }
    },
    "node_modules/@bufbuild/buf-win32-x64": {
      "version": "1.25.0",
      "resolved": "https://registry.npmjs.org/@bufbuild/buf-win32-x64/-/buf-win32-x64-1.25.0.tgz",
      "integrity": "sha512-mTBCyzFbpxSDnn33yfsH2qDC1K9mcduJlFdBgJnVcXaZXghlJQAgNA58dpGuY2fsmcACpiimMgChqpON+/LZ4A==",
      "cpu": [
        "x64"
      ],
      "optional": true,
      "os": [
        "win32"
      ],
      "engines": {
        "node": ">=12"
      }
    },
    "node_modules/@bufbuild/protobuf": {
      "version": "1.3.0",
      "resolved": "https://registry.npmjs.org/@bufbuild/protobuf/-/protobuf-1.3.0.tgz",
      "integrity": "sha512-G372ods0pLt46yxVRsnP/e2btVPuuzArcMPFpIDeIwiGPuuglEs9y75iG0HMvZgncsj5TvbYRWqbVyOe3PLCWQ=="
    },
    "node_modules/@bufbuild/protoc-gen-es": {
      "version": "1.3.0",
      "resolved": "https://registry.npmjs.org/@bufbuild/protoc-gen-es/-/protoc-gen-es-1.3.0.tgz",
      "integrity": "sha512-XxGZwpXMYlwoSyJwCTFb7SZ2xKmv2iCRM022t1wszhY3kNL7rjpyj+3GbpCOjaM1T7NAoLnW0Hyb/M0b0XDb3Q==",
      "dependencies": {
        "@bufbuild/protoplugin": "1.3.0"
      },
      "bin": {
        "protoc-gen-es": "bin/protoc-gen-es"
      },
      "engines": {
        "node": ">=14"
      },
      "peerDependencies": {
        "@bufbuild/protobuf": "1.3.0"
      },
      "peerDependenciesMeta": {
        "@bufbuild/protobuf": {
          "optional": true
        }
      }
    },
    "node_modules/@bufbuild/protoplugin": {
      "version": "1.3.0",
      "resolved": "https://registry.npmjs.org/@bufbuild/protoplugin/-/protoplugin-1.3.0.tgz",
      "integrity": "sha512-zye8CfJb9VWzaHR/f1qcEkddaRh9De+u6fORsj92Ten8EJUcyhiY5BivET+RMTissAKXKrp/f2zSBCV0dlFxPw==",
      "dependencies": {
        "@bufbuild/protobuf": "1.3.0",
        "@typescript/vfs": "^1.4.0",
        "typescript": "4.5.2"
      }
    },
    "node_modules/@protobuf-ts/plugin": {
      "version": "2.9.1",
      "resolved": "https://registry.npmjs.org/@protobuf-ts/plugin/-/plugin-2.9.1.tgz",
      "integrity": "sha512-svkFSyFgTtaLdDFPGvd6cTu8qK5Nul5RizDCTcv0xWRzcPWtMiqbuCLKCv6E9gdpnAs3MPeQTnSABB2+NhfWBg==",
      "dependencies": {
        "@protobuf-ts/plugin-framework": "^2.9.1",
        "@protobuf-ts/protoc": "^2.9.1",
        "@protobuf-ts/runtime": "^2.9.1",
        "@protobuf-ts/runtime-rpc": "^2.9.1",
        "typescript": "^3.9"
      },
      "bin": {
        "protoc-gen-dump": "bin/protoc-gen-dump",
        "protoc-gen-ts": "bin/protoc-gen-ts"
      }
    },
    "node_modules/@protobuf-ts/plugin-framework": {
      "version": "2.9.1",
      "resolved": "https://registry.npmjs.org/@protobuf-ts/plugin-framework/-/plugin-framework-2.9.1.tgz",
      "integrity": "sha512-/4sHdsXjp6KKkbpcCLUHpMfdYsCaqqQHRAwoxVzHmltsotw06B/K9HglZtkQx0IpLO4eeF3vNr3n7qzjD3e2zA==",
      "dependencies": {
        "@protobuf-ts/runtime": "^2.9.1",
        "typescript": "^3.9"
      }
    },
    "node_modules/@protobuf-ts/plugin-framework/node_modules/typescript": {
      "version": "3.9.10",
      "resolved": "https://registry.npmjs.org/typescript/-/typescript-3.9.10.tgz",
      "integrity": "sha512-w6fIxVE/H1PkLKcCPsFqKE7Kv7QUwhU8qQY2MueZXWx5cPZdwFupLgKK3vntcK98BtNHZtAF4LA/yl2a7k8R6Q==",
      "bin": {
        "tsc": "bin/tsc",
        "tsserver": "bin/tsserver"
      },
      "engines": {
        "node": ">=4.2.0"
      }
    },
    "node_modules/@protobuf-ts/plugin/node_modules/typescript": {
      "version": "3.9.10",
      "resolved": "https://registry.npmjs.org/typescript/-/typescript-3.9.10.tgz",
      "integrity": "sha512-w6fIxVE/H1PkLKcCPsFqKE7Kv7QUwhU8qQY2MueZXWx5cPZdwFupLgKK3vntcK98BtNHZtAF4LA/yl2a7k8R6Q==",
      "bin": {
        "tsc": "bin/tsc",
        "tsserver": "bin/tsserver"
      },
      "engines": {
        "node": ">=4.2.0"
      }
    },
    "node_modules/@protobuf-ts/protoc": {
      "version": "2.9.1",
      "resolved": "https://registry.npmjs.org/@protobuf-ts/protoc/-/protoc-2.9.1.tgz",
      "integrity": "sha512-/q2iVDwVDijfZlFZnnm3W6ALbybNskNSww88TfYBaJH49PuQMqhcXUPRu28UouJr9sc/Lr5k6t0TB9Nff3UIsA==",
      "bin": {
        "protoc": "protoc.js"
      }
    },
    "node_modules/@protobuf-ts/runtime": {
      "version": "2.9.1",
      "resolved": "https://registry.npmjs.org/@protobuf-ts/runtime/-/runtime-2.9.1.tgz",
      "integrity": "sha512-ZTc8b+pQ6bwxZa3qg9/IO/M/brRkvr0tic9cSGgAsDByfPrtatT2300wTIRLDk8X9WTW1tT+FhyqmcrbMHTeww=="
    },
    "node_modules/@protobuf-ts/runtime-rpc": {
      "version": "2.9.1",
      "resolved": "https://registry.npmjs.org/@protobuf-ts/runtime-rpc/-/runtime-rpc-2.9.1.tgz",
      "integrity": "sha512-pzO20J6s07LTWcj8hKAXh/dAacU5HIVir6SANKXXH8G0pn0VIIB4FFECq5Hbv25/8PQoOGZ7iApq/DMHaSjGhg==",
      "dependencies": {
        "@protobuf-ts/runtime": "^2.9.1"
      }
    },
    "node_modules/@typescript/vfs": {
      "version": "1.5.0",
      "resolved": "https://registry.npmjs.org/@typescript/vfs/-/vfs-1.5.0.tgz",
      "integrity": "sha512-AJS307bPgbsZZ9ggCT3wwpg3VbTKMFNHfaY/uF0ahSkYYrPF2dSSKDNIDIQAHm9qJqbLvCsSJH7yN4Vs/CsMMg==",
      "dependencies": {
        "debug": "^4.1.1"
      }
    },
    "node_modules/@typescript/vfs/node_modules/debug": {
      "version": "4.3.4",
      "resolved": "https://registry.npmjs.org/debug/-/debug-4.3.4.tgz",
      "integrity": "sha512-PRWFHuSU3eDtQJPvnNY7Jcket1j0t5OuOsFzPPzsekD52Zl8qUfFIPEiswXqIvHWGVHOgX+7G/vCNNhehwxfkQ==",
      "dependencies": {
        "ms": "2.1.2"
      },
      "engines": {
        "node": ">=6.0"
      },
      "peerDependenciesMeta": {
        "supports-color": {
          "optional": true
        }
      }
    },
    "node_modules/@typescript/vfs/node_modules/ms": {
      "version": "2.1.2",
      "resolved": "https://registry.npmjs.org/ms/-/ms-2.1.2.tgz",
      "integrity": "sha512-sGkPx+VjMtmA6MX27oA4FBFELFCZZ4S4XqeGOXCv68tT+jb3vk/RyaKWP0PTKyWtmLSM0b+adUTEvbs1PEaH2w=="
    },
    "node_modules/typescript": {
      "version": "4.5.2",
      "resolved": "https://registry.npmjs.org/typescript/-/typescript-4.5.2.tgz",
      "integrity": "sha512-5BlMof9H1yGt0P8/WF+wPNw6GfctgGjXp5hkblpyT+8rkASSmkUKMXrxR0Xg8ThVCi/JnHQiKXeBaEwCeQwMFw==",
      "bin": {
        "tsc": "bin/tsc",
        "tsserver": "bin/tsserver"
      },
      "engines": {
        "node": ">=4.2.0"
      }
    }
  },
  "dependencies": {
    "@bufbuild/buf": {
      "version": "1.25.0",
      "resolved": "https://registry.npmjs.org/@bufbuild/buf/-/buf-1.25.0.tgz",
      "integrity": "sha512-eBlzzVNBSw2cjKtkKZPu7RZK2YLUoB9tVRe+Pf4QVxF0IQtO5zPDdtWCF7/IUjd0V+dOJC25nLSeE5+YeZDqKg==",
      "requires": {
        "@bufbuild/buf-darwin-arm64": "1.25.0",
        "@bufbuild/buf-darwin-x64": "1.25.0",
        "@bufbuild/buf-linux-aarch64": "1.25.0",
        "@bufbuild/buf-linux-x64": "1.25.0",
        "@bufbuild/buf-win32-arm64": "1.25.0",
        "@bufbuild/buf-win32-x64": "1.25.0"
      }
    },
    "@bufbuild/buf-darwin-arm64": {
      "version": "1.25.0",
      "resolved": "https://registry.npmjs.org/@bufbuild/buf-darwin-arm64/-/buf-darwin-arm64-1.25.0.tgz",
      "integrity": "sha512-X6rf6s/y9VBHfdhhURNBwyDNFYNecOE4GOvzQcwZVYmGteA4Xor8c51ouTPd5wU2lAq/qLwYX2hZAY41uvbMrA==",
      "optional": true
    },
    "@bufbuild/buf-darwin-x64": {
      "version": "1.25.0",
      "resolved": "https://registry.npmjs.org/@bufbuild/buf-darwin-x64/-/buf-darwin-x64-1.25.0.tgz",
      "integrity": "sha512-H7L8DdPwZsP5WSiOJCScY/E5CT7b0zv49l4WYrbbyg0FDJBMHg8Yn8lEK0Ju/mvlXaAqDZk4pwiwVuCPtt4oBw==",
      "optional": true
    },
    "@bufbuild/buf-linux-aarch64": {
      "version": "1.25.0",
      "resolved": "https://registry.npmjs.org/@bufbuild/buf-linux-aarch64/-/buf-linux-aarch64-1.25.0.tgz",
      "integrity": "sha512-bL0dlBmmJ/AmCtIQXiqJLXIPwHM65O3TT85wFQvurexlwnLs6ajM+zJ2e+Xbj2ccXQ+TI8UKLlVgySHPp7EP0A==",
      "optional": true
    },
    "@bufbuild/buf-linux-x64": {
      "version": "1.25.0",
      "resolved": "https://registry.npmjs.org/@bufbuild/buf-linux-x64/-/buf-linux-x64-1.25.0.tgz",
      "integrity": "sha512-PuxDpPqArjfeZ8LPAru0f/u7nZlE+IIXIjJM6IsnnTqAoBS5A4z9ALUog23BfuU2jJNuPerKPaMs92GAmiSaBQ==",
      "optional": true
    },
    "@bufbuild/buf-win32-arm64": {
      "version": "1.25.0",
      "resolved": "https://registry.npmjs.org/@bufbuild/buf-win32-arm64/-/buf-win32-arm64-1.25.0.tgz",
      "integrity": "sha512-Uw2Bn2pJfPKdh+J6ocqNKMZiYl07eZWYNbAIzl1vXAl1bH7SvgiEA+ujgOM56I+GmNfVSRWNukrxj5ppPvdTQQ==",
      "optional": true
    },
    "@bufbuild/buf-win32-x64": {
      "version": "1.25.0",
      "resolved": "https://registry.npmjs.org/@bufbuild/buf-win32-x64/-/buf-win32-x64-1.25.0.tgz",
      "integrity": "sha512-mTBCyzFbpxSDnn33yfsH2qDC1K9mcduJlFdBgJnVcXaZXghlJQAgNA58dpGuY2fsmcACpiimMgChqpON+/LZ4A==",
      "optional": true
    },
    "@bufbuild/protobuf": {
      "version": "1.3.0",
      "resolved": "https://registry.npmjs.org/@bufbuild/protobuf/-/protobuf-1.3.0.tgz",
      "integrity": "sha512-G372ods0pLt46yxVRsnP/e2btVPuuzArcMPFpIDeIwiGPuuglEs9y75iG0HMvZgncsj5TvbYRWqbVyOe3PLCWQ=="
    },
    "@bufbuild/protoc-gen-es": {
      "version": "1.3.0",
      "resolved": "https://registry.npmjs.org/@bufbuild/protoc-gen-es/-/protoc-gen-es-1.3.0.tgz",
      "integrity": "sha512-XxGZwpXMYlwoSyJwCTFb7SZ2xKmv2iCRM022t1wszhY3kNL7rjpyj+3GbpCOjaM1T7NAoLnW0Hyb/M0b0XDb3Q==",
      "requires": {
        "@bufbuild/protoplugin": "1.3.0"
      }
    },
    "@bufbuild/protoplugin": {
      "version": "1.3.0",
      "resolved": "https://registry.npmjs.org/@bufbuild/protoplugin/-/protoplugin-1.3.0.tgz",
      "integrity": "sha512-zye8CfJb9VWzaHR/f1qcEkddaRh9De+u6fORsj92Ten8EJUcyhiY5BivET+RMTissAKXKrp/f2zSBCV0dlFxPw==",
      "requires": {
        "@bufbuild/protobuf": "1.3.0",
        "@typescript/vfs": "^1.4.0",
        "typescript": "4.5.2"
      }
    },
    "@protobuf-ts/plugin": {
      "version": "2.9.1",
      "resolved": "https://registry.npmjs.org/@protobuf-ts/plugin/-/plugin-2.9.1.tgz",
      "integrity": "sha512-svkFSyFgTtaLdDFPGvd6cTu8qK5Nul5RizDCTcv0xWRzcPWtMiqbuCLKCv6E9gdpnAs3MPeQTnSABB2+NhfWBg==",
      "requires": {
        "@protobuf-ts/plugin-framework": "^2.9.1",
        "@protobuf-ts/protoc": "^2.9.1",
        "@protobuf-ts/runtime": "^2.9.1",
        "@protobuf-ts/runtime-rpc": "^2.9.1",
        "typescript": "^3.9"
      },
      "dependencies": {
        "typescript": {
          "version": "3.9.10",
          "resolved": "https://registry.npmjs.org/typescript/-/typescript-3.9.10.tgz",
          "integrity": "sha512-w6fIxVE/H1PkLKcCPsFqKE7Kv7QUwhU8qQY2MueZXWx5cPZdwFupLgKK3vntcK98BtNHZtAF4LA/yl2a7k8R6Q=="
        }
      }
    },
    "@protobuf-ts/plugin-framework": {
      "version": "2.9.1",
      "resolved": "https://registry.npmjs.org/@protobuf-ts/plugin-framework/-/plugin-framework-2.9.1.tgz",
      "integrity": "sha512-/4sHdsXjp6KKkbpcCLUHpMfdYsCaqqQHRAwoxVzHmltsotw06B/K9HglZtkQx0IpLO4eeF3vNr3n7qzjD3e2zA==",
      "requires": {
        "@protobuf-ts/runtime": "^2.9.1",
        "typescript": "^3.9"
      },
      "dependencies": {
        "typescript": {
          "version": "3.9.10",
          "resolved": "https://registry.npmjs.org/typescript/-/typescript-3.9.10.tgz",
          "integrity": "sha512-w6fIxVE/H1PkLKcCPsFqKE7Kv7QUwhU8qQY2MueZXWx5cPZdwFupLgKK3vntcK98BtNHZtAF4LA/yl2a7k8R6Q=="
        }
      }
    },
    "@protobuf-ts/protoc": {
      "version": "2.9.1",
      "resolved": "https://registry.npmjs.org/@protobuf-ts/protoc/-/protoc-2.9.1.tgz",
      "integrity": "sha512-/q2iVDwVDijfZlFZnnm3W6ALbybNskNSww88TfYBaJH49PuQMqhcXUPRu28UouJr9sc/Lr5k6t0TB9Nff3UIsA=="
    },
    "@protobuf-ts/runtime": {
      "version": "2.9.1",
      "resolved": "https://registry.npmjs.org/@protobuf-ts/runtime/-/runtime-2.9.1.tgz",
      "integrity": "sha512-ZTc8b+pQ6bwxZa3qg9/IO/M/brRkvr0tic9cSGgAsDByfPrtatT2300wTIRLDk8X9WTW1tT+FhyqmcrbMHTeww=="
    },
    "@protobuf-ts/runtime-rpc": {
      "version": "2.9.1",
      "resolved": "https://registry.npmjs.org/@protobuf-ts/runtime-rpc/-/runtime-rpc-2.9.1.tgz",
      "integrity": "sha512-pzO20J6s07LTWcj8hKAXh/dAacU5HIVir6SANKXXH8G0pn0VIIB4FFECq5Hbv25/8PQoOGZ7iApq/DMHaSjGhg==",
      "requires": {
        "@protobuf-ts/runtime": "^2.9.1"
      }
    },
    "@typescript/vfs": {
      "version": "1.5.0",
      "resolved": "https://registry.npmjs.org/@typescript/vfs/-/vfs-1.5.0.tgz",
      "integrity": "sha512-AJS307bPgbsZZ9ggCT3wwpg3VbTKMFNHfaY/uF0ahSkYYrPF2dSSKDNIDIQAHm9qJqbLvCsSJH7yN4Vs/CsMMg==",
      "requires": {
        "debug": "^4.1.1"
      },
      "dependencies": {
        "debug": {
          "version": "4.3.4",
          "resolved": "https://registry.npmjs.org/debug/-/debug-4.3.4.tgz",
          "integrity": "sha512-PRWFHuSU3eDtQJPvnNY7Jcket1j0t5OuOsFzPPzsekD52Zl8qUfFIPEiswXqIvHWGVHOgX+7G/vCNNhehwxfkQ==",
          "requires": {
            "ms": "2.1.2"
          }
        },
        "ms": {
          "version": "2.1.2",
          "resolved": "https://registry.npmjs.org/ms/-/ms-2.1.2.tgz",
          "integrity": "sha512-sGkPx+VjMtmA6MX27oA4FBFELFCZZ4S4XqeGOXCv68tT+jb3vk/RyaKWP0PTKyWtmLSM0b+adUTEvbs1PEaH2w=="
        }
      }
    },
    "typescript": {
      "version": "4.5.2",
      "resolved": "https://registry.npmjs.org/typescript/-/typescript-4.5.2.tgz",
      "integrity": "sha512-5BlMof9H1yGt0P8/WF+wPNw6GfctgGjXp5hkblpyT+8rkASSmkUKMXrxR0Xg8ThVCi/JnHQiKXeBaEwCeQwMFw=="
    }
  }
}
